
Microsoft Visual Studio Solution File, Format Version 12.00
# Visual Studio 15
VisualStudioVersion = 15.0.26403.7
MinimumVisualStudioVersion = 10.0.40219.1
Project("{FAE04EC0-301F-11D3-BF4B-00C04F79EFBC}") = "VdAnagrami.Android", "VdAnagrami\VdAnagrami.Android\VdAnagrami.Android.csproj", "{9AFAB488-99CD-443D-BFA0-FE43228EB715}"
EndProject
Project("{FAE04EC0-301F-11D3-BF4B-00C04F79EFBC}") = "VdAnagrami", "VdAnagrami\VdAnagrami\VdAnagrami.csproj", "{1E64592E-9CEA-40C7-89BE-9E79A6E5142F}"
EndProject
Project("{FAE04EC0-301F-11D3-BF4B-00C04F79EFBC}") = "VdAnagrami.UWP", "VdAnagrami\VdAnagrami.UWP\VdAnagrami.UWP.csproj", "{81F4F774-EC0B-4D0B-A99A-B1F4A6A78B59}"
EndProject
Project("{FAE04EC0-301F-11D3-BF4B-00C04F79EFBC}") = "VdAnagrami.iOS", "VdAnagrami\VdAnagrami.iOS\VdAnagrami.iOS.csproj", "{7353B3BA-A486-4DA7-943F-9FACD2B28A40}"
EndProject
Global
	GlobalSection(SolutionConfigurationPlatforms) = preSolution
		Ad-Hoc|Any CPU = Ad-Hoc|Any CPU
		Ad-Hoc|ARM = Ad-Hoc|ARM
		Ad-Hoc|iPhone = Ad-Hoc|iPhone
		Ad-Hoc|iPhoneSimulator = Ad-Hoc|iPhoneSimulator
		Ad-Hoc|x64 = Ad-Hoc|x64
		Ad-Hoc|x86 = Ad-Hoc|x86
		AppStore|Any CPU = AppStore|Any CPU
		AppStore|ARM = AppStore|ARM
		AppStore|iPhone = AppStore|iPhone
		AppStore|iPhoneSimulator = AppStore|iPhoneSimulator
		AppStore|x64 = AppStore|x64
		AppStore|x86 = AppStore|x86
		Debug|Any CPU = Debug|Any CPU
		Debug|ARM = Debug|ARM
		Debug|iPhone = Debug|iPhone
		Debug|iPhoneSimulator = Debug|iPhoneSimulator
		Debug|x64 = Debug|x64
		Debug|x86 = Debug|x86
		Release|Any CPU = Release|Any CPU
		Release|ARM = Release|ARM
		Release|iPhone = Release|iPhone
		Release|iPhoneSimulator = Release|iPhoneSimulator
		Release|x64 = Release|x64
		Release|x86 = Release|x86
	EndGlobalSection
	GlobalSection(ProjectConfigurationPlatforms) = postSolution
		{9AFAB488-99CD-443D-BFA0-FE43228EB715}.Ad-Hoc|Any CPU.ActiveCfg = Release|Any CPU
		{9AFAB488-99CD-443D-BFA0-FE43228EB715}.Ad-Hoc|Any CPU.Build.0 = Release|Any CPU
		{9AFAB488-99CD-443D-BFA0-FE43228EB715}.Ad-Hoc|Any CPU.Deploy.0 = Release|Any CPU
		{9AFAB488-99CD-443D-BFA0-FE43228EB715}.Ad-Hoc|ARM.ActiveCfg = Release|Any CPU
		{9AFAB488-99CD-443D-BFA0-FE43228EB715}.Ad-Hoc|ARM.Build.0 = Release|Any CPU
		{9AFAB488-99CD-443D-BFA0-FE43228EB715}.Ad-Hoc|ARM.Deploy.0 = Release|Any CPU
		{9AFAB488-99CD-443D-BFA0-FE43228EB715}.Ad-Hoc|iPhone.ActiveCfg = Release|Any CPU
		{9AFAB488-99CD-443D-BFA0-FE43228EB715}.Ad-Hoc|iPhone.Build.0 = Release|Any CPU
		{9AFAB488-99CD-443D-BFA0-FE43228EB715}.Ad-Hoc|iPhone.Deploy.0 = Release|Any CPU
		{9AFAB488-99CD-443D-BFA0-FE43228EB715}.Ad-Hoc|iPhoneSimulator.ActiveCfg = Release|Any CPU
		{9AFAB488-99CD-443D-BFA0-FE43228EB715}.Ad-Hoc|iPhoneSimulator.Build.0 = Release|Any CPU
		{9AFAB488-99CD-443D-BFA0-FE43228EB715}.Ad-Hoc|iPhoneSimulator.Deploy.0 = Release|Any CPU
		{9AFAB488-99CD-443D-BFA0-FE43228EB715}.Ad-Hoc|x64.ActiveCfg = Release|Any CPU
		{9AFAB488-99CD-443D-BFA0-FE43228EB715}.Ad-Hoc|x64.Build.0 = Release|Any CPU
		{9AFAB488-99CD-443D-BFA0-FE43228EB715}.Ad-Hoc|x64.Deploy.0 = Release|Any CPU
		{9AFAB488-99CD-443D-BFA0-FE43228EB715}.Ad-Hoc|x86.ActiveCfg = Release|Any CPU
		{9AFAB488-99CD-443D-BFA0-FE43228EB715}.Ad-Hoc|x86.Build.0 = Release|Any CPU
		{9AFAB488-99CD-443D-BFA0-FE43228EB715}.Ad-Hoc|x86.Deploy.0 = Release|Any CPU
		{9AFAB488-99CD-443D-BFA0-FE43228EB715}.AppStore|Any CPU.ActiveCfg = Release|Any CPU
		{9AFAB488-99CD-443D-BFA0-FE43228EB715}.AppStore|Any CPU.Build.0 = Release|Any CPU
		{9AFAB488-99CD-443D-BFA0-FE43228EB715}.AppStore|Any CPU.Deploy.0 = Release|Any CPU
		{9AFAB488-99CD-443D-BFA0-FE43228EB715}.AppStore|ARM.ActiveCfg = Release|Any CPU
		{9AFAB488-99CD-443D-BFA0-FE43228EB715}.AppStore|ARM.Build.0 = Release|Any CPU
		{9AFAB488-99CD-443D-BFA0-FE43228EB715}.AppStore|ARM.Deploy.0 = Release|Any CPU
		{9AFAB488-99CD-443D-BFA0-FE43228EB715}.AppStore|iPhone.ActiveCfg = Release|Any CPU
		{9AFAB488-99CD-443D-BFA0-FE43228EB715}.AppStore|iPhone.Build.0 = Release|Any CPU
		{9AFAB488-99CD-443D-BFA0-FE43228EB715}.AppStore|iPhone.Deploy.0 = Release|Any CPU
		{9AFAB488-99CD-443D-BFA0-FE43228EB715}.AppStore|iPhoneSimulator.ActiveCfg = Release|Any CPU
		{9AFAB488-99CD-443D-BFA0-FE43228EB715}.AppStore|iPhoneSimulator.Build.0 = Release|Any CPU
		{9AFAB488-99CD-443D-BFA0-FE43228EB715}.AppStore|iPhoneSimulator.Deploy.0 = Release|Any CPU
		{9AFAB488-99CD-443D-BFA0-FE43228EB715}.AppStore|x64.ActiveCfg = Release|Any CPU
		{9AFAB488-99CD-443D-BFA0-FE43228EB715}.AppStore|x64.Build.0 = Release|Any CPU
		{9AFAB488-99CD-443D-BFA0-FE43228EB715}.AppStore|x64.Deploy.0 = Release|Any CPU
		{9AFAB488-99CD-443D-BFA0-FE43228EB715}.AppStore|x86.ActiveCfg = Release|Any CPU
		{9AFAB488-99CD-443D-BFA0-FE43228EB715}.AppStore|x86.Build.0 = Release|Any CPU
		{9AFAB488-99CD-443D-BFA0-FE43228EB715}.AppStore|x86.Deploy.0 = Release|Any CPU
		{9AFAB488-99CD-443D-BFA0-FE43228EB715}.Debug|Any CPU.ActiveCfg = Debug|Any CPU
		{9AFAB488-99CD-443D-BFA0-FE43228EB715}.Debug|Any CPU.Build.0 = Debug|Any CPU
		{9AFAB488-99CD-443D-BFA0-FE43228EB715}.Debug|Any CPU.Deploy.0 = Debug|Any CPU
		{9AFAB488-99CD-443D-BFA0-FE43228EB715}.Debug|ARM.ActiveCfg = Debug|Any CPU
		{9AFAB488-99CD-443D-BFA0-FE43228EB715}.Debug|ARM.Build.0 = Debug|Any CPU
		{9AFAB488-99CD-443D-BFA0-FE43228EB715}.Debug|ARM.Deploy.0 = Debug|Any CPU
		{9AFAB488-99CD-443D-BFA0-FE43228EB715}.Debug|iPhone.ActiveCfg = Debug|Any CPU
		{9AFAB488-99CD-443D-BFA0-FE43228EB715}.Debug|iPhone.Build.0 = Debug|Any CPU
		{9AFAB488-99CD-443D-BFA0-FE43228EB715}.Debug|iPhone.Deploy.0 = Debug|Any CPU
		{9AFAB488-99CD-443D-BFA0-FE43228EB715}.Debug|iPhoneSimulator.ActiveCfg = Debug|Any CPU
		{9AFAB488-99CD-443D-BFA0-FE43228EB715}.Debug|iPhoneSimulator.Build.0 = Debug|Any CPU
		{9AFAB488-99CD-443D-BFA0-FE43228EB715}.Debug|iPhoneSimulator.Deploy.0 = Debug|Any CPU
		{9AFAB488-99CD-443D-BFA0-FE43228EB715}.Debug|x64.ActiveCfg = Debug|Any CPU
		{9AFAB488-99CD-443D-BFA0-FE43228EB715}.Debug|x64.Build.0 = Debug|Any CPU
		{9AFAB488-99CD-443D-BFA0-FE43228EB715}.Debug|x64.Deploy.0 = Debug|Any CPU
		{9AFAB488-99CD-443D-BFA0-FE43228EB715}.Debug|x86.ActiveCfg = Debug|Any CPU
		{9AFAB488-99CD-443D-BFA0-FE43228EB715}.Debug|x86.Build.0 = Debug|Any CPU
		{9AFAB488-99CD-443D-BFA0-FE43228EB715}.Debug|x86.Deploy.0 = Debug|Any CPU
		{9AFAB488-99CD-443D-BFA0-FE43228EB715}.Release|Any CPU.ActiveCfg = Release|Any CPU
		{9AFAB488-99CD-443D-BFA0-FE43228EB715}.Release|Any CPU.Build.0 = Release|Any CPU
		{9AFAB488-99CD-443D-BFA0-FE43228EB715}.Release|Any CPU.Deploy.0 = Release|Any CPU
		{9AFAB488-99CD-443D-BFA0-FE43228EB715}.Release|ARM.ActiveCfg = Release|Any CPU
		{9AFAB488-99CD-443D-BFA0-FE43228EB715}.Release|ARM.Build.0 = Release|Any CPU
		{9AFAB488-99CD-443D-BFA0-FE43228EB715}.Release|ARM.Deploy.0 = Release|Any CPU
		{9AFAB488-99CD-443D-BFA0-FE43228EB715}.Release|iPhone.ActiveCfg = Release|Any CPU
		{9AFAB488-99CD-443D-BFA0-FE43228EB715}.Release|iPhone.Build.0 = Release|Any CPU
		{9AFAB488-99CD-443D-BFA0-FE43228EB715}.Release|iPhone.Deploy.0 = Release|Any CPU
		{9AFAB488-99CD-443D-BFA0-FE43228EB715}.Release|iPhoneSimulator.ActiveCfg = Release|Any CPU
		{9AFAB488-99CD-443D-BFA0-FE43228EB715}.Release|iPhoneSimulator.Build.0 = Release|Any CPU
		{9AFAB488-99CD-443D-BFA0-FE43228EB715}.Release|iPhoneSimulator.Deploy.0 = Release|Any CPU
		{9AFAB488-99CD-443D-BFA0-FE43228EB715}.Release|x64.ActiveCfg = Release|Any CPU
		{9AFAB488-99CD-443D-BFA0-FE43228EB715}.Release|x64.Build.0 = Release|Any CPU
		{9AFAB488-99CD-443D-BFA0-FE43228EB715}.Release|x64.Deploy.0 = Release|Any CPU
		{9AFAB488-99CD-443D-BFA0-FE43228EB715}.Release|x86.ActiveCfg = Release|Any CPU
		{9AFAB488-99CD-443D-BFA0-FE43228EB715}.Release|x86.Build.0 = Release|Any CPU
		{9AFAB488-99CD-443D-BFA0-FE43228EB715}.Release|x86.Deploy.0 = Release|Any CPU
		{1E64592E-9CEA-40C7-89BE-9E79A6E5142F}.Ad-Hoc|Any CPU.ActiveCfg = Release|Any CPU
		{1E64592E-9CEA-40C7-89BE-9E79A6E5142F}.Ad-Hoc|Any CPU.Build.0 = Release|Any CPU
		{1E64592E-9CEA-40C7-89BE-9E79A6E5142F}.Ad-Hoc|ARM.ActiveCfg = Release|Any CPU
		{1E64592E-9CEA-40C7-89BE-9E79A6E5142F}.Ad-Hoc|ARM.Build.0 = Release|Any CPU
		{1E64592E-9CEA-40C7-89BE-9E79A6E5142F}.Ad-Hoc|iPhone.ActiveCfg = Release|Any CPU
		{1E64592E-9CEA-40C7-89BE-9E79A6E5142F}.Ad-Hoc|iPhone.Build.0 = Release|Any CPU
		{1E64592E-9CEA-40C7-89BE-9E79A6E5142F}.Ad-Hoc|iPhoneSimulator.ActiveCfg = Release|Any CPU
		{1E64592E-9CEA-40C7-89BE-9E79A6E5142F}.Ad-Hoc|iPhoneSimulator.Build.0 = Release|Any CPU
		{1E64592E-9CEA-40C7-89BE-9E79A6E5142F}.Ad-Hoc|x64.ActiveCfg = Release|Any CPU
		{1E64592E-9CEA-40C7-89BE-9E79A6E5142F}.Ad-Hoc|x64.Build.0 = Release|Any CPU
		{1E64592E-9CEA-40C7-89BE-9E79A6E5142F}.Ad-Hoc|x86.ActiveCfg = Release|Any CPU
		{1E64592E-9CEA-40C7-89BE-9E79A6E5142F}.Ad-Hoc|x86.Build.0 = Release|Any CPU
		{1E64592E-9CEA-40C7-89BE-9E79A6E5142F}.AppStore|Any CPU.ActiveCfg = Release|Any CPU
		{1E64592E-9CEA-40C7-89BE-9E79A6E5142F}.AppStore|Any CPU.Build.0 = Release|Any CPU
		{1E64592E-9CEA-40C7-89BE-9E79A6E5142F}.AppStore|ARM.ActiveCfg = Release|Any CPU
		{1E64592E-9CEA-40C7-89BE-9E79A6E5142F}.AppStore|ARM.Build.0 = Release|Any CPU
		{1E64592E-9CEA-40C7-89BE-9E79A6E5142F}.AppStore|iPhone.ActiveCfg = Release|Any CPU
		{1E64592E-9CEA-40C7-89BE-9E79A6E5142F}.AppStore|iPhone.Build.0 = Release|Any CPU
		{1E64592E-9CEA-40C7-89BE-9E79A6E5142F}.AppStore|iPhoneSimulator.ActiveCfg = Release|Any CPU
		{1E64592E-9CEA-40C7-89BE-9E79A6E5142F}.AppStore|iPhoneSimulator.Build.0 = Release|Any CPU
		{1E64592E-9CEA-40C7-89BE-9E79A6E5142F}.AppStore|x64.ActiveCfg = Release|Any CPU
		{1E64592E-9CEA-40C7-89BE-9E79A6E5142F}.AppStore|x64.Build.0 = Release|Any CPU
		{1E64592E-9CEA-40C7-89BE-9E79A6E5142F}.AppStore|x86.ActiveCfg = Release|Any CPU
		{1E64592E-9CEA-40C7-89BE-9E79A6E5142F}.AppStore|x86.Build.0 = Release|Any CPU
		{1E64592E-9CEA-40C7-89BE-9E79A6E5142F}.Debug|Any CPU.ActiveCfg = Debug|Any CPU
		{1E64592E-9CEA-40C7-89BE-9E79A6E5142F}.Debug|Any CPU.Build.0 = Debug|Any CPU
		{1E64592E-9CEA-40C7-89BE-9E79A6E5142F}.Debug|ARM.ActiveCfg = Debug|Any CPU
		{1E64592E-9CEA-40C7-89BE-9E79A6E5142F}.Debug|ARM.Build.0 = Debug|Any CPU
		{1E64592E-9CEA-40C7-89BE-9E79A6E5142F}.Debug|iPhone.ActiveCfg = Debug|Any CPU
		{1E64592E-9CEA-40C7-89BE-9E79A6E5142F}.Debug|iPhone.Build.0 = Debug|Any CPU
		{1E64592E-9CEA-40C7-89BE-9E79A6E5142F}.Debug|iPhoneSimulator.ActiveCfg = Debug|Any CPU
		{1E64592E-9CEA-40C7-89BE-9E79A6E5142F}.Debug|iPhoneSimulator.Build.0 = Debug|Any CPU
		{1E64592E-9CEA-40C7-89BE-9E79A6E5142F}.Debug|x64.ActiveCfg = Debug|Any CPU
		{1E64592E-9CEA-40C7-89BE-9E79A6E5142F}.Debug|x64.Build.0 = Debug|Any CPU
		{1E64592E-9CEA-40C7-89BE-9E79A6E5142F}.Debug|x86.ActiveCfg = Debug|Any CPU
		{1E64592E-9CEA-40C7-89BE-9E79A6E5142F}.Debug|x86.Build.0 = Debug|Any CPU
		{1E64592E-9CEA-40C7-89BE-9E79A6E5142F}.Release|Any CPU.ActiveCfg = Release|Any CPU
		{1E64592E-9CEA-40C7-89BE-9E79A6E5142F}.Release|Any CPU.Build.0 = Release|Any CPU
		{1E64592E-9CEA-40C7-89BE-9E79A6E5142F}.Release|ARM.ActiveCfg = Release|Any CPU
		{1E64592E-9CEA-40C7-89BE-9E79A6E5142F}.Release|ARM.Build.0 = Release|Any CPU
		{1E64592E-9CEA-40C7-89BE-9E79A6E5142F}.Release|iPhone.ActiveCfg = Release|Any CPU
		{1E64592E-9CEA-40C7-89BE-9E79A6E5142F}.Release|iPhone.Build.0 = Release|Any CPU
		{1E64592E-9CEA-40C7-89BE-9E79A6E5142F}.Release|iPhoneSimulator.ActiveCfg = Release|Any CPU
		{1E64592E-9CEA-40C7-89BE-9E79A6E5142F}.Release|iPhoneSimulator.Build.0 = Release|Any CPU
		{1E64592E-9CEA-40C7-89BE-9E79A6E5142F}.Release|x64.ActiveCfg = Release|Any CPU
		{1E64592E-9CEA-40C7-89BE-9E79A6E5142F}.Release|x64.Build.0 = Release|Any CPU
		{1E64592E-9CEA-40C7-89BE-9E79A6E5142F}.Release|x86.ActiveCfg = Release|Any CPU
		{1E64592E-9CEA-40C7-89BE-9E79A6E5142F}.Release|x86.Build.0 = Release|Any CPU
		{81F4F774-EC0B-4D0B-A99A-B1F4A6A78B59}.Ad-Hoc|Any CPU.ActiveCfg = Release|x86
		{81F4F774-EC0B-4D0B-A99A-B1F4A6A78B59}.Ad-Hoc|Any CPU.Build.0 = Release|x86
		{81F4F774-EC0B-4D0B-A99A-B1F4A6A78B59}.Ad-Hoc|Any CPU.Deploy.0 = Release|x86
		{81F4F774-EC0B-4D0B-A99A-B1F4A6A78B59}.Ad-Hoc|ARM.ActiveCfg = Release|ARM
		{81F4F774-EC0B-4D0B-A99A-B1F4A6A78B59}.Ad-Hoc|ARM.Build.0 = Release|ARM
		{81F4F774-EC0B-4D0B-A99A-B1F4A6A78B59}.Ad-Hoc|ARM.Deploy.0 = Release|ARM
		{81F4F774-EC0B-4D0B-A99A-B1F4A6A78B59}.Ad-Hoc|iPhone.ActiveCfg = Release|x86
		{81F4F774-EC0B-4D0B-A99A-B1F4A6A78B59}.Ad-Hoc|iPhone.Build.0 = Release|x86
		{81F4F774-EC0B-4D0B-A99A-B1F4A6A78B59}.Ad-Hoc|iPhone.Deploy.0 = Release|x86
		{81F4F774-EC0B-4D0B-A99A-B1F4A6A78B59}.Ad-Hoc|iPhoneSimulator.ActiveCfg = Release|x86
		{81F4F774-EC0B-4D0B-A99A-B1F4A6A78B59}.Ad-Hoc|iPhoneSimulator.Build.0 = Release|x86
		{81F4F774-EC0B-4D0B-A99A-B1F4A6A78B59}.Ad-Hoc|iPhoneSimulator.Deploy.0 = Release|x86
		{81F4F774-EC0B-4D0B-A99A-B1F4A6A78B59}.Ad-Hoc|x64.ActiveCfg = Release|x64
		{81F4F774-EC0B-4D0B-A99A-B1F4A6A78B59}.Ad-Hoc|x64.Build.0 = Release|x64
		{81F4F774-EC0B-4D0B-A99A-B1F4A6A78B59}.Ad-Hoc|x64.Deploy.0 = Release|x64
		{81F4F774-EC0B-4D0B-A99A-B1F4A6A78B59}.Ad-Hoc|x86.ActiveCfg = Release|x86
		{81F4F774-EC0B-4D0B-A99A-B1F4A6A78B59}.Ad-Hoc|x86.Build.0 = Release|x86
		{81F4F774-EC0B-4D0B-A99A-B1F4A6A78B59}.Ad-Hoc|x86.Deploy.0 = Release|x86
		{81F4F774-EC0B-4D0B-A99A-B1F4A6A78B59}.AppStore|Any CPU.ActiveCfg = Release|x86
		{81F4F774-EC0B-4D0B-A99A-B1F4A6A78B59}.AppStore|Any CPU.Build.0 = Release|x86
		{81F4F774-EC0B-4D0B-A99A-B1F4A6A78B59}.AppStore|Any CPU.Deploy.0 = Release|x86
		{81F4F774-EC0B-4D0B-A99A-B1F4A6A78B59}.AppStore|ARM.ActiveCfg = Release|ARM
		{81F4F774-EC0B-4D0B-A99A-B1F4A6A78B59}.AppStore|ARM.Build.0 = Release|ARM
		{81F4F774-EC0B-4D0B-A99A-B1F4A6A78B59}.AppStore|ARM.Deploy.0 = Release|ARM
		{81F4F774-EC0B-4D0B-A99A-B1F4A6A78B59}.AppStore|iPhone.ActiveCfg = Release|x86
		{81F4F774-EC0B-4D0B-A99A-B1F4A6A78B59}.AppStore|iPhone.Build.0 = Release|x86
		{81F4F774-EC0B-4D0B-A99A-B1F4A6A78B59}.AppStore|iPhone.Deploy.0 = Release|x86
		{81F4F774-EC0B-4D0B-A99A-B1F4A6A78B59}.AppStore|iPhoneSimulator.ActiveCfg = Release|x86
		{81F4F774-EC0B-4D0B-A99A-B1F4A6A78B59}.AppStore|iPhoneSimulator.Build.0 = Release|x86
		{81F4F774-EC0B-4D0B-A99A-B1F4A6A78B59}.AppStore|iPhoneSimulator.Deploy.0 = Release|x86
		{81F4F774-EC0B-4D0B-A99A-B1F4A6A78B59}.AppStore|x64.ActiveCfg = Release|x64
		{81F4F774-EC0B-4D0B-A99A-B1F4A6A78B59}.AppStore|x64.Build.0 = Release|x64
		{81F4F774-EC0B-4D0B-A99A-B1F4A6A78B59}.AppStore|x64.Deploy.0 = Release|x64
		{81F4F774-EC0B-4D0B-A99A-B1F4A6A78B59}.AppStore|x86.ActiveCfg = Release|x86
		{81F4F774-EC0B-4D0B-A99A-B1F4A6A78B59}.AppStore|x86.Build.0 = Release|x86
		{81F4F774-EC0B-4D0B-A99A-B1F4A6A78B59}.AppStore|x86.Deploy.0 = Release|x86
		{81F4F774-EC0B-4D0B-A99A-B1F4A6A78B59}.Debug|Any CPU.ActiveCfg = Debug|x86
		{81F4F774-EC0B-4D0B-A99A-B1F4A6A78B59}.Debug|ARM.ActiveCfg = Debug|ARM
		{81F4F774-EC0B-4D0B-A99A-B1F4A6A78B59}.Debug|ARM.Build.0 = Debug|ARM
		{81F4F774-EC0B-4D0B-A99A-B1F4A6A78B59}.Debug|ARM.Deploy.0 = Debug|ARM
		{81F4F774-EC0B-4D0B-A99A-B1F4A6A78B59}.Debug|iPhone.ActiveCfg = Debug|x86
		{81F4F774-EC0B-4D0B-A99A-B1F4A6A78B59}.Debug|iPhoneSimulator.ActiveCfg = Debug|x86
		{81F4F774-EC0B-4D0B-A99A-B1F4A6A78B59}.Debug|x64.ActiveCfg = Debug|x64
		{81F4F774-EC0B-4D0B-A99A-B1F4A6A78B59}.Debug|x64.Build.0 = Debug|x64
		{81F4F774-EC0B-4D0B-A99A-B1F4A6A78B59}.Debug|x64.Deploy.0 = Debug|x64
		{81F4F774-EC0B-4D0B-A99A-B1F4A6A78B59}.Debug|x86.ActiveCfg = Debug|x86
		{81F4F774-EC0B-4D0B-A99A-B1F4A6A78B59}.Debug|x86.Build.0 = Debug|x86
		{81F4F774-EC0B-4D0B-A99A-B1F4A6A78B59}.Debug|x86.Deploy.0 = Debug|x86
		{81F4F774-EC0B-4D0B-A99A-B1F4A6A78B59}.Release|Any CPU.ActiveCfg = Release|x86
		{81F4F774-EC0B-4D0B-A99A-B1F4A6A78B59}.Release|ARM.ActiveCfg = Release|ARM
		{81F4F774-EC0B-4D0B-A99A-B1F4A6A78B59}.Release|ARM.Build.0 = Release|ARM
		{81F4F774-EC0B-4D0B-A99A-B1F4A6A78B59}.Release|ARM.Deploy.0 = Release|ARM
		{81F4F774-EC0B-4D0B-A99A-B1F4A6A78B59}.Release|iPhone.ActiveCfg = Release|x86
		{81F4F774-EC0B-4D0B-A99A-B1F4A6A78B59}.Release|iPhoneSimulator.ActiveCfg = Release|x86
		{81F4F774-EC0B-4D0B-A99A-B1F4A6A78B59}.Release|x64.ActiveCfg = Release|x64
		{81F4F774-EC0B-4D0B-A99A-B1F4A6A78B59}.Release|x64.Build.0 = Release|x64
		{81F4F774-EC0B-4D0B-A99A-B1F4A6A78B59}.Release|x64.Deploy.0 = Release|x64
		{81F4F774-EC0B-4D0B-A99A-B1F4A6A78B59}.Release|x86.ActiveCfg = Release|x86
		{81F4F774-EC0B-4D0B-A99A-B1F4A6A78B59}.Release|x86.Build.0 = Release|x86
		{81F4F774-EC0B-4D0B-A99A-B1F4A6A78B59}.Release|x86.Deploy.0 = Release|x86
		{7353B3BA-A486-4DA7-943F-9FACD2B28A40}.Ad-Hoc|Any CPU.ActiveCfg = Ad-Hoc|iPhone
		{7353B3BA-A486-4DA7-943F-9FACD2B28A40}.Ad-Hoc|ARM.ActiveCfg = Ad-Hoc|iPhone
		{7353B3BA-A486-4DA7-943F-9FACD2B28A40}.Ad-Hoc|iPhone.ActiveCfg = Ad-Hoc|iPhone
		{7353B3BA-A486-4DA7-943F-9FACD2B28A40}.Ad-Hoc|iPhone.Build.0 = Ad-Hoc|iPhone
		{7353B3BA-A486-4DA7-943F-9FACD2B28A40}.Ad-Hoc|iPhoneSimulator.ActiveCfg = Ad-Hoc|iPhoneSimulator
		{7353B3BA-A486-4DA7-943F-9FACD2B28A40}.Ad-Hoc|iPhoneSimulator.Build.0 = Ad-Hoc|iPhoneSimulator
		{7353B3BA-A486-4DA7-943F-9FACD2B28A40}.Ad-Hoc|x64.ActiveCfg = Ad-Hoc|iPhone
		{7353B3BA-A486-4DA7-943F-9FACD2B28A40}.Ad-Hoc|x86.ActiveCfg = Ad-Hoc|iPhone
		{7353B3BA-A486-4DA7-943F-9FACD2B28A40}.AppStore|Any CPU.ActiveCfg = AppStore|iPhone
		{7353B3BA-A486-4DA7-943F-9FACD2B28A40}.AppStore|ARM.ActiveCfg = AppStore|iPhone
		{7353B3BA-A486-4DA7-943F-9FACD2B28A40}.AppStore|iPhone.ActiveCfg = AppStore|iPhone
		{7353B3BA-A486-4DA7-943F-9FACD2B28A40}.AppStore|iPhone.Build.0 = AppStore|iPhone
		{7353B3BA-A486-4DA7-943F-9FACD2B28A40}.AppStore|iPhoneSimulator.ActiveCfg = AppStore|iPhoneSimulator
		{7353B3BA-A486-4DA7-943F-9FACD2B28A40}.AppStore|iPhoneSimulator.Build.0 = AppStore|iPhoneSimulator
		{7353B3BA-A486-4DA7-943F-9FACD2B28A40}.AppStore|x64.ActiveCfg = AppStore|iPhone
		{7353B3BA-A486-4DA7-943F-9FACD2B28A40}.AppStore|x86.ActiveCfg = AppStore|iPhone
		{7353B3BA-A486-4DA7-943F-9FACD2B28A40}.Debug|Any CPU.ActiveCfg = Debug|iPhone
		{7353B3BA-A486-4DA7-943F-9FACD2B28A40}.Debug|ARM.ActiveCfg = Debug|iPhone
		{7353B3BA-A486-4DA7-943F-9FACD2B28A40}.Debug|iPhone.ActiveCfg = Debug|iPhone
		{7353B3BA-A486-4DA7-943F-9FACD2B28A40}.Debug|iPhone.Build.0 = Debug|iPhone
		{7353B3BA-A486-4DA7-943F-9FACD2B28A40}.Debug|iPhoneSimulator.ActiveCfg = Debug|iPhoneSimulator
		{7353B3BA-A486-4DA7-943F-9FACD2B28A40}.Debug|iPhoneSimulator.Build.0 = Debug|iPhoneSimulator
		{7353B3BA-A486-4DA7-943F-9FACD2B28A40}.Debug|x64.ActiveCfg = Debug|iPhone
		{7353B3BA-A486-4DA7-943F-9FACD2B28A40}.Debug|x86.ActiveCfg = Debug|iPhone
		{7353B3BA-A486-4DA7-943F-9FACD2B28A40}.Release|Any CPU.ActiveCfg = Release|iPhone
		{7353B3BA-A486-4DA7-943F-9FACD2B28A40}.Release|ARM.ActiveCfg = Release|iPhone
		{7353B3BA-A486-4DA7-943F-9FACD2B28A40}.Release|iPhone.ActiveCfg = Release|iPhone
		{7353B3BA-A486-4DA7-943F-9FACD2B28A40}.Release|iPhone.Build.0 = Release|iPhone
		{7353B3BA-A486-4DA7-943F-9FACD2B28A40}.Release|iPhoneSimulator.ActiveCfg = Release|iPhoneSimulator
		{7353B3BA-A486-4DA7-943F-9FACD2B28A40}.Release|iPhoneSimulator.Build.0 = Release|iPhoneSimulator
		{7353B3BA-A486-4DA7-943F-9FACD2B28A40}.Release|x64.ActiveCfg = Release|iPhone
		{7353B3BA-A486-4DA7-943F-9FACD2B28A40}.Release|x86.ActiveCfg = Release|iPhone
	EndGlobalSection
	GlobalSection(SolutionProperties) = preSolution
		HideSolutionNode = FALSE
	EndGlobalSection
EndGlobal
